
Microsoft Visual Studio Solution File, Format Version 12.00
# Visual Studio Version 16
VisualStudioVersion = 16.0.29519.181
MinimumVisualStudioVersion = 10.0.40219.1
Project("{FAE04EC0-301F-11D3-BF4B-00C04F79EFBC}") = "Preprocess", "Preprocess\Preprocess.csproj", "{89531897-FDB3-4CA2-8FB0-46EEF960C72D}"
EndProject
Project("{FAE04EC0-301F-11D3-BF4B-00C04F79EFBC}") = "UserProject", "UserProject\UserProject.csproj", "{651E3866-4DFF-4BE6-B726-2C7CEAD95AE5}"
EndProject
Global
	GlobalSection(SolutionConfigurationPlatforms) = preSolution
		Debug|Any CPU = Debug|Any CPU
		Release|Any CPU = Release|Any CPU
	EndGlobalSection
	GlobalSection(ProjectConfigurationPlatforms) = postSolution
		{89531897-FDB3-4CA2-8FB0-46EEF960C72D}.Debug|Any CPU.ActiveCfg = Debug|Any CPU
		{89531897-FDB3-4CA2-8FB0-46EEF960C72D}.Debug|Any CPU.Build.0 = Debug|Any CPU
		{89531897-FDB3-4CA2-8FB0-46EEF960C72D}.Release|Any CPU.ActiveCfg = Release|Any CPU
		{89531897-FDB3-4CA2-8FB0-46EEF960C72D}.Release|Any CPU.Build.0 = Release|Any CPU
		{651E3866-4DFF-4BE6-B726-2C7CEAD95AE5}.Debug|Any CPU.ActiveCfg = Debug|Any CPU
		{651E3866-4DFF-4BE6-B726-2C7CEAD95AE5}.Debug|Any CPU.Build.0 = Debug|Any CPU
		{651E3866-4DFF-4BE6-B726-2C7CEAD95AE5}.Release|Any CPU.ActiveCfg = Release|Any CPU
		{651E3866-4DFF-4BE6-B726-2C7CEAD95AE5}.Release|Any CPU.Build.0 = Release|Any CPU
	EndGlobalSection
	GlobalSection(SolutionProperties) = preSolution
		HideSolutionNode = FALSE
	EndGlobalSection
	GlobalSection(ExtensibilityGlobals) = postSolution
		SolutionGuid = {309F0EA5-94E9-461B-BC25-39372AF4EF25}
	EndGlobalSection
EndGlobal
